
Microsoft Visual Studio Solution File, Format Version 12.00
# Visual Studio Version 17
VisualStudioVersion = 17.5.33627.172
MinimumVisualStudioVersion = 10.0.40219.1
Project("{FAE04EC0-301F-11D3-BF4B-00C04F79EFBC}") = "DependencyInject", "DependencyInject\DependencyInject.csproj", "{43CE343B-7AFD-4389-A99E-66E50B82CA13}"
EndProject
Project("{FAE04EC0-301F-11D3-BF4B-00C04F79EFBC}") = "DependencyInjectionTutorial", "DependencyInjectionTutorial\DependencyInjectionTutorial.csproj", "{2BDC4D2E-A651-4E4C-BEEE-927FE5B0E6EB}"
EndProject
Project("{FAE04EC0-301F-11D3-BF4B-00C04F79EFBC}") = "DependencyInjection", "DependencyInjection\DependencyInjection.csproj", "{32573A35-FF41-413F-B771-C7E639A917C0}"
EndProject
Global
	GlobalSection(SolutionConfigurationPlatforms) = preSolution
		Debug|Any CPU = Debug|Any CPU
		Release|Any CPU = Release|Any CPU
	EndGlobalSection
	GlobalSection(ProjectConfigurationPlatforms) = postSolution
		{43CE343B-7AFD-4389-A99E-66E50B82CA13}.Debug|Any CPU.ActiveCfg = Debug|Any CPU
		{43CE343B-7AFD-4389-A99E-66E50B82CA13}.Debug|Any CPU.Build.0 = Debug|Any CPU
		{43CE343B-7AFD-4389-A99E-66E50B82CA13}.Release|Any CPU.ActiveCfg = Release|Any CPU
		{43CE343B-7AFD-4389-A99E-66E50B82CA13}.Release|Any CPU.Build.0 = Release|Any CPU
		{2BDC4D2E-A651-4E4C-BEEE-927FE5B0E6EB}.Debug|Any CPU.ActiveCfg = Debug|Any CPU
		{2BDC4D2E-A651-4E4C-BEEE-927FE5B0E6EB}.Debug|Any CPU.Build.0 = Debug|Any CPU
		{2BDC4D2E-A651-4E4C-BEEE-927FE5B0E6EB}.Release|Any CPU.ActiveCfg = Release|Any CPU
		{2BDC4D2E-A651-4E4C-BEEE-927FE5B0E6EB}.Release|Any CPU.Build.0 = Release|Any CPU
		{32573A35-FF41-413F-B771-C7E639A917C0}.Debug|Any CPU.ActiveCfg = Debug|Any CPU
		{32573A35-FF41-413F-B771-C7E639A917C0}.Debug|Any CPU.Build.0 = Debug|Any CPU
		{32573A35-FF41-413F-B771-C7E639A917C0}.Release|Any CPU.ActiveCfg = Release|Any CPU
		{32573A35-FF41-413F-B771-C7E639A917C0}.Release|Any CPU.Build.0 = Release|Any CPU
	EndGlobalSection
	GlobalSection(SolutionProperties) = preSolution
		HideSolutionNode = FALSE
	EndGlobalSection
	GlobalSection(ExtensibilityGlobals) = postSolution
		SolutionGuid = {B110C6A9-C06A-43EB-AB3D-D3573D28338E}
	EndGlobalSection
EndGlobal
